
Microsoft Visual Studio Solution File, Format Version 12.00
# Visual Studio Version 16
VisualStudioVersion = 16.0.30611.23
MinimumVisualStudioVersion = 10.0.40219.1
Project("{9A19103F-16F7-4668-BE54-9A1E7A4F7556}") = "TaskManager.UI", "TaskManager.UI\TaskManager.UI.csproj", "{1FFF87C9-69CA-4C0C-84CF-2D348428E70A}"
EndProject
Project("{9A19103F-16F7-4668-BE54-9A1E7A4F7556}") = "TaskManager.BusinessLogic", "TaskManager.BusinessLogic\TaskManager.BusinessLogic.csproj", "{A30AFE12-75E4-46F7-A600-3058D519D364}"
EndProject
Project("{FAE04EC0-301F-11D3-BF4B-00C04F79EFBC}") = "TaskManager.BusinessLogicTests", "TaskManager.BusinessLogicTests\TaskManager.BusinessLogicTests.csproj", "{DA1556D5-CF5D-4A62-963B-7CBC0A5BF5B9}"
EndProject
Global
	GlobalSection(SolutionConfigurationPlatforms) = preSolution
		Debug|Any CPU = Debug|Any CPU
		Release|Any CPU = Release|Any CPU
	EndGlobalSection
	GlobalSection(ProjectConfigurationPlatforms) = postSolution
		{1FFF87C9-69CA-4C0C-84CF-2D348428E70A}.Debug|Any CPU.ActiveCfg = Debug|Any CPU
		{1FFF87C9-69CA-4C0C-84CF-2D348428E70A}.Debug|Any CPU.Build.0 = Debug|Any CPU
		{1FFF87C9-69CA-4C0C-84CF-2D348428E70A}.Release|Any CPU.ActiveCfg = Release|Any CPU
		{1FFF87C9-69CA-4C0C-84CF-2D348428E70A}.Release|Any CPU.Build.0 = Release|Any CPU
		{A30AFE12-75E4-46F7-A600-3058D519D364}.Debug|Any CPU.ActiveCfg = Debug|Any CPU
		{A30AFE12-75E4-46F7-A600-3058D519D364}.Debug|Any CPU.Build.0 = Debug|Any CPU
		{A30AFE12-75E4-46F7-A600-3058D519D364}.Release|Any CPU.ActiveCfg = Release|Any CPU
		{A30AFE12-75E4-46F7-A600-3058D519D364}.Release|Any CPU.Build.0 = Release|Any CPU
		{DA1556D5-CF5D-4A62-963B-7CBC0A5BF5B9}.Debug|Any CPU.ActiveCfg = Debug|Any CPU
		{DA1556D5-CF5D-4A62-963B-7CBC0A5BF5B9}.Debug|Any CPU.Build.0 = Debug|Any CPU
		{DA1556D5-CF5D-4A62-963B-7CBC0A5BF5B9}.Release|Any CPU.ActiveCfg = Release|Any CPU
		{DA1556D5-CF5D-4A62-963B-7CBC0A5BF5B9}.Release|Any CPU.Build.0 = Release|Any CPU
	EndGlobalSection
	GlobalSection(SolutionProperties) = preSolution
		HideSolutionNode = FALSE
	EndGlobalSection
	GlobalSection(ExtensibilityGlobals) = postSolution
		SolutionGuid = {10B457D4-427D-468A-8B03-15B282829ECC}
	EndGlobalSection
EndGlobal
